
Microsoft Visual Studio Solution File, Format Version 12.00
# Visual Studio Version 17
VisualStudioVersion = 17.2.32630.192
MinimumVisualStudioVersion = 10.0.40219.1
Project("{54A90642-561A-4BB1-A94E-469ADEE60C69}") = "PollMdReact", "PollMdReact\PollMdReact.esproj", "{7D2A4E9B-FC20-41E7-8240-FC1E0C8453B9}"
EndProject
Project("{9A19103F-16F7-4668-BE54-9A1E7A4F7556}") = "PollApi", "PollApi\PollApi.csproj", "{AE81D40A-22B8-40DE-A319-B5E2C29DBFDB}"
EndProject
Project("{FAE04EC0-301F-11D3-BF4B-00C04F79EFBC}") = "ReflectionSerialization", "ReflectionSerialization\ReflectionSerialization.csproj", "{9F3904A8-6443-4A1F-A512-9F1824FD4945}"
EndProject
Global
	GlobalSection(SolutionConfigurationPlatforms) = preSolution
		Debug|Any CPU = Debug|Any CPU
		Release|Any CPU = Release|Any CPU
	EndGlobalSection
	GlobalSection(ProjectConfigurationPlatforms) = postSolution
		{7D2A4E9B-FC20-41E7-8240-FC1E0C8453B9}.Debug|Any CPU.ActiveCfg = Debug|Any CPU
		{7D2A4E9B-FC20-41E7-8240-FC1E0C8453B9}.Debug|Any CPU.Build.0 = Debug|Any CPU
		{7D2A4E9B-FC20-41E7-8240-FC1E0C8453B9}.Debug|Any CPU.Deploy.0 = Debug|Any CPU
		{7D2A4E9B-FC20-41E7-8240-FC1E0C8453B9}.Release|Any CPU.ActiveCfg = Release|Any CPU
		{7D2A4E9B-FC20-41E7-8240-FC1E0C8453B9}.Release|Any CPU.Build.0 = Release|Any CPU
		{7D2A4E9B-FC20-41E7-8240-FC1E0C8453B9}.Release|Any CPU.Deploy.0 = Release|Any CPU
		{AE81D40A-22B8-40DE-A319-B5E2C29DBFDB}.Debug|Any CPU.ActiveCfg = Debug|Any CPU
		{AE81D40A-22B8-40DE-A319-B5E2C29DBFDB}.Debug|Any CPU.Build.0 = Debug|Any CPU
		{AE81D40A-22B8-40DE-A319-B5E2C29DBFDB}.Release|Any CPU.ActiveCfg = Release|Any CPU
		{AE81D40A-22B8-40DE-A319-B5E2C29DBFDB}.Release|Any CPU.Build.0 = Release|Any CPU
		{9F3904A8-6443-4A1F-A512-9F1824FD4945}.Debug|Any CPU.ActiveCfg = Debug|Any CPU
		{9F3904A8-6443-4A1F-A512-9F1824FD4945}.Debug|Any CPU.Build.0 = Debug|Any CPU
		{9F3904A8-6443-4A1F-A512-9F1824FD4945}.Release|Any CPU.ActiveCfg = Release|Any CPU
		{9F3904A8-6443-4A1F-A512-9F1824FD4945}.Release|Any CPU.Build.0 = Release|Any CPU
	EndGlobalSection
	GlobalSection(SolutionProperties) = preSolution
		HideSolutionNode = FALSE
	EndGlobalSection
	GlobalSection(ExtensibilityGlobals) = postSolution
		SolutionGuid = {ADD6D9CC-D5A4-4472-AFD6-677032FE0DC1}
	EndGlobalSection
EndGlobal
